
Microsoft Visual Studio Solution File, Format Version 12.00
# Visual Studio Version 16
VisualStudioVersion = 25.0.1706.5
MinimumVisualStudioVersion = 10.0.40219.1
Project("{FAE04EC0-301F-11D3-BF4B-00C04F79EFBC}") = "DevCert.WebAPI", "DevCert.WebAPI\DevCert.WebAPI.csproj", "{053E61F5-0028-4DE2-A520-93992FB74F95}"
EndProject
Global
	GlobalSection(SolutionConfigurationPlatforms) = preSolution
		Debug|Any CPU = Debug|Any CPU
		Release|Any CPU = Release|Any CPU
	EndGlobalSection
	GlobalSection(ProjectConfigurationPlatforms) = postSolution
		{053E61F5-0028-4DE2-A520-93992FB74F95}.Debug|Any CPU.ActiveCfg = Debug|Any CPU
		{053E61F5-0028-4DE2-A520-93992FB74F95}.Debug|Any CPU.Build.0 = Debug|Any CPU
		{053E61F5-0028-4DE2-A520-93992FB74F95}.Release|Any CPU.ActiveCfg = Release|Any CPU
		{053E61F5-0028-4DE2-A520-93992FB74F95}.Release|Any CPU.Build.0 = Release|Any CPU
	EndGlobalSection
	GlobalSection(SolutionProperties) = preSolution
		HideSolutionNode = FALSE
	EndGlobalSection
	GlobalSection(ExtensibilityGlobals) = postSolution
		SolutionGuid = {942520C9-C59A-4696-ACE5-E32F1962CF70}
	EndGlobalSection
EndGlobal
